
Microsoft Visual Studio Solution File, Format Version 12.00
# Visual Studio 14
VisualStudioVersion = 14.0.25420.1
MinimumVisualStudioVersion = 10.0.40219.1
Project("{8BC9CEB8-8B4A-11D0-8D11-00A0C91BC942}") = "35_ClassicShaders", "Build\VStudio\35_ClassicShaders.vcxproj", "{7BA1BE3D-62D1-46BE-9755-EE807A4314E4}"
EndProject
Project("{8BC9CEB8-8B4A-11D0-8D11-00A0C91BC942}") = "36_Parallax", "Build\VStudio\36_Parallax.vcxproj", "{C2AC8004-757F-4A8C-8611-C6E59576785B}"
EndProject
Project("{8BC9CEB8-8B4A-11D0-8D11-00A0C91BC942}") = "37_CelShading", "Build\VStudio\37_CelShading.vcxproj", "{49A355B5-73EE-4501-BBF2-DA21E0E17241}"
EndProject
Project("{8BC9CEB8-8B4A-11D0-8D11-00A0C91BC942}") = "38_Animation", "Build\VStudio\38_Animation.vcxproj", "{7CD8A282-D3F6-415B-A9BE-5CC17ED515AD}"
EndProject
Project("{8BC9CEB8-8B4A-11D0-8D11-00A0C91BC942}") = "39_HDREffects", "Build\VStudio\39_HDREffects.vcxproj", "{B4482595-D7ED-4D07-8EFE-8C342BC00C6C}"
EndProject
Project("{8BC9CEB8-8B4A-11D0-8D11-00A0C91BC942}") = "53_PrefilterEnvmap", "Build\VStudio\53_PrefilterEnvmap.vcxproj", "{61B4FD5E-D736-4279-BAA5-7259CC10A250}"
EndProject
Project("{8BC9CEB8-8B4A-11D0-8D11-00A0C91BC942}") = "40_DeferredShading", "Build\VStudio\40_DeferredShading.vcxproj", "{70417224-336D-4A8A-A192-F8572D8C15DF}"
EndProject
Project("{8BC9CEB8-8B4A-11D0-8D11-00A0C91BC942}") = "40_DeferredLighting", "Build\VStudio\40_DeferredLighting.vcxproj", "{0A07C686-0992-4221-BFFF-D8735D50E8EA}"
EndProject
Project("{8BC9CEB8-8B4A-11D0-8D11-00A0C91BC942}") = "42_StencilShadow", "Build\VStudio\42_StencilShadow.vcxproj", "{4EB2ABAF-40E4-4C85-B17D-1514C01A58C6}"
EndProject
Project("{8BC9CEB8-8B4A-11D0-8D11-00A0C91BC942}") = "42_StencilShadowGS", "Build\VStudio\42_StencilShadowGS.vcxproj", "{83BFF0EE-0484-4CAD-A1B4-B8163E7C9F46}"
EndProject
Project("{8BC9CEB8-8B4A-11D0-8D11-00A0C91BC942}") = "43_ShadowMapFiltering", "Build\VStudio\43_ShadowMapFiltering.vcxproj", "{76735DB6-3BD8-4A12-8F5D-1AEF57A35FE1}"
EndProject
Project("{8BC9CEB8-8B4A-11D0-8D11-00A0C91BC942}") = "44_FresnelEquations", "Build\VStudio\44_FresnelEquations.vcxproj", "{1EE9F094-732A-45C3-86CF-5A726751BA6C}"
EndProject
Project("{8BC9CEB8-8B4A-11D0-8D11-00A0C91BC942}") = "44_CrepuscularRays", "Build\VStudio\44_CrepuscularRays.vcxproj", "{6A5327FC-709B-4E8F-9B8B-55F54CF70856}"
EndProject
Project("{8BC9CEB8-8B4A-11D0-8D11-00A0C91BC942}") = "45_AudioStreaming", "Build\VStudio\45_AudioStreaming.vcxproj", "{E9DB50A1-85A3-4EFF-A973-90946CBA388B}"
EndProject
Project("{8BC9CEB8-8B4A-11D0-8D11-00A0C91BC942}") = "50_Combiners", "Build\VStudio\50_Combiners.vcxproj", "{D94A6A7C-079E-44C2-A180-D321DA220C24}"
EndProject
Project("{8BC9CEB8-8B4A-11D0-8D11-00A0C91BC942}") = "51_Instancing", "Build\VStudio\51_Instancing.vcxproj", "{322B66D6-6BB2-4E43-B46C-51386C637D4D}"
EndProject
Project("{2150E333-8FDC-42A3-9474-1A3956D46DE8}") = "Direct3D9", "Direct3D9", "{C4A347B9-4D02-4AA5-9E60-BF360561E516}"
EndProject
Project("{2150E333-8FDC-42A3-9474-1A3956D46DE8}") = "Direct3D10", "Direct3D10", "{CD1D2C49-E1BD-439F-8429-2A65CCC37BB1}"
EndProject
Project("{2150E333-8FDC-42A3-9474-1A3956D46DE8}") = "OpenGL", "OpenGL", "{5AE05E7B-52AB-4C97-9C14-55992B0AA632}"
EndProject
Project("{8BC9CEB8-8B4A-11D0-8D11-00A0C91BC942}") = "51_MultiDrawIndirect", "Build\VStudio\51_MultiDrawIndirect.vcxproj", "{9A350029-9256-4683-BEFB-BFC7E529D1BD}"
EndProject
Project("{8BC9CEB8-8B4A-11D0-8D11-00A0C91BC942}") = "51_Tessellation", "Build\VStudio\51_Tessellation.vcxproj", "{3AAE7856-08E6-46F0-A4A1-41BD6C43C296}"
EndProject
Project("{8BC9CEB8-8B4A-11D0-8D11-00A0C91BC942}") = "51_TransformFeedback", "Build\VStudio\51_TransformFeedback.vcxproj", "{D644BD49-B170-41F5-A5A1-67E1BDCB759A}"
EndProject
Project("{8BC9CEB8-8B4A-11D0-8D11-00A0C91BC942}") = "51_UniformBuffer", "Build\VStudio\51_UniformBuffer.vcxproj", "{A6DE6707-B2E0-4E51-803C-C02B9AC469E2}"
EndProject
Project("{8BC9CEB8-8B4A-11D0-8D11-00A0C91BC942}") = "51_WeightedBlendedOIT", "Build\VStudio\51_WeightedBlendedOIT.vcxproj", "{F46E8223-4AED-47EF-9E57-B56EBE079BD7}"
EndProject
Project("{8BC9CEB8-8B4A-11D0-8D11-00A0C91BC942}") = "52_ForwardPlus", "Build\VStudio\52_ForwardPlus.vcxproj", "{F38FD136-7267-4DF7-8325-03240B4A071B}"
EndProject
Project("{8BC9CEB8-8B4A-11D0-8D11-00A0C91BC942}") = "52_NURBS", "Build\VStudio\52_NURBS.vcxproj", "{6548900A-5D65-4E36-B055-C99949870576}"
EndProject
Project("{8BC9CEB8-8B4A-11D0-8D11-00A0C91BC942}") = "52_LinkedListOIT", "Build\VStudio\52_LinkedListOIT.vcxproj", "{9AC4DDB5-5B63-48A0-B586-8C92204E01D0}"
EndProject
Project("{8BC9CEB8-8B4A-11D0-8D11-00A0C91BC942}") = "54_GTAO", "Build\VStudio\54_GTAO.vcxproj", "{0399F2FF-0944-415B-B205-2CEB38423DED}"
EndProject
Project("{8BC9CEB8-8B4A-11D0-8D11-00A0C91BC942}") = "54_GTAOCompare", "Build\VStudio\54_GTAOCompare.vcxproj", "{33BC29AE-31B9-447B-A902-58E9FF9F75A9}"
EndProject
Project("{8BC9CEB8-8B4A-11D0-8D11-00A0C91BC942}") = "53_PhysicallyBased", "Build\VStudio\53_PhysicallyBased.vcxproj", "{CCC7D838-7AA0-4498-A4C5-99BFCF2276D9}"
EndProject
Project("{8BC9CEB8-8B4A-11D0-8D11-00A0C91BC942}") = "56_Ocean", "Build\VStudio\56_Ocean.vcxproj", "{427D727B-F53B-481D-8A3E-40E760619A59}"
EndProject
Project("{8BC9CEB8-8B4A-11D0-8D11-00A0C91BC942}") = "43_ShadowMapping", "Build\VStudio\43_ShadowMapping.vcxproj", "{D96B736B-F764-433A-9FB2-523EB9EE1238}"
EndProject
Project("{2150E333-8FDC-42A3-9474-1A3956D46DE8}") = "Vulkan", "Vulkan", "{DB7CCB1C-6BAC-4630-BF8D-0C6A4CA0DE84}"
EndProject
Project("{8BC9CEB8-8B4A-11D0-8D11-00A0C91BC942}") = "71_BasicSample", "Build\VStudio\71_BasicSample.vcxproj", "{1332F567-DA63-4CD9-94AC-75D0B465E992}"
EndProject
Project("{8BC9CEB8-8B4A-11D0-8D11-00A0C91BC942}") = "71_TileBasedDeferred", "Build\VStudio\71_TileBasedDeferred.vcxproj", "{2FBBACD3-583C-47BE-B4B8-3CE48FCB781A}"
EndProject
Project("{8BC9CEB8-8B4A-11D0-8D11-00A0C91BC942}") = "71_DrawBatching", "Build\VStudio\71_DrawBatching.vcxproj", "{81BF9E1E-6A72-4C3B-A1F6-147F8B878D01}"
EndProject
Project("{8BC9CEB8-8B4A-11D0-8D11-00A0C91BC942}") = "51_MultiThreading", "Build\VStudio\51_MultiThreading.vcxproj", "{2FAD1160-3CF6-4652-BE37-C71981AA4A8A}"
EndProject
Project("{2150E333-8FDC-42A3-9474-1A3956D46DE8}") = "Other", "Other", "{5A1A98C4-C88D-40ED-8ECB-2765FC1FEDC9}"
EndProject
Project("{8BC9CEB8-8B4A-11D0-8D11-00A0C91BC942}") = "61_SimpleInterpreter", "Build\VStudio\61_SimpleInterpreter.vcxproj", "{7F133E0C-BAB8-4C74-B078-A45AFE497F40}"
EndProject
Project("{8BC9CEB8-8B4A-11D0-8D11-00A0C91BC942}") = "61_AdvancedInterpreter", "Build\VStudio\61_AdvancedInterpreter.vcxproj", "{E45B4308-44FB-480D-BB88-884A986C2981}"
EndProject
Project("{8BC9CEB8-8B4A-11D0-8D11-00A0C91BC942}") = "21_WinAPI", "Build\VStudio\21_WinAPI.vcxproj", "{B565BCF8-1C7B-454D-96F8-CE99F0D4CA88}"
EndProject
Project("{8BC9CEB8-8B4A-11D0-8D11-00A0C91BC942}") = "72_SubgroupOperations", "Build\VStudio\72_SubgroupOperations.vcxproj", "{473A259C-2E5E-4EDB-8324-2957EB17B29B}"
EndProject
Project("{8BC9CEB8-8B4A-11D0-8D11-00A0C91BC942}") = "12_Templates", "Build\VStudio\12_Templates.vcxproj", "{DF7BF5A8-A1F3-4947-BB0A-17B51FFE157E}"
EndProject
Project("{8BC9CEB8-8B4A-11D0-8D11-00A0C91BC942}") = "72_ThickLineCompute", "Build\VStudio\72_ThickLineCompute.vcxproj", "{C90FE3D7-B6FE-4673-8B45-1258EA0127F3}"
EndProject
Project("{8BC9CEB8-8B4A-11D0-8D11-00A0C91BC942}") = "57_MultipleImportanceSampling", "Build\VStudio\57_MultipleImportanceSampling.vcxproj", "{A8CAA493-0C82-464C-AD97-6307C91861E6}"
EndProject
Project("{8BC9CEB8-8B4A-11D0-8D11-00A0C91BC942}") = "57_SpecularTransmission", "Build\VStudio\57_SpecularTransmission.vcxproj", "{CCA004AE-E636-4840-B374-784EF0ADC612}"
EndProject
Project("{8BC9CEB8-8B4A-11D0-8D11-00A0C91BC942}") = "57_AdvancedPT", "Build\VStudio\57_AdvancedPT.vcxproj", "{25F93620-7AC4-4B2D-8E26-62AB835FB12F}"
EndProject
Project("{8BC9CEB8-8B4A-11D0-8D11-00A0C91BC942}") = "51_ShaderBasedLineAA", "Build\VStudio\51_ShaderBasedLineAA.vcxproj", "{988F2771-6DE2-4DB9-B49E-AE98D2C09A10}"
EndProject
Project("{8BC9CEB8-8B4A-11D0-8D11-00A0C91BC942}") = "73_BitonicSort", "Build\VStudio\73_BitonicSort.vcxproj", "{88E0AD29-99EF-4CF3-9159-F20130436B58}"
EndProject
Project("{2150E333-8FDC-42A3-9474-1A3956D46DE8}") = "Direct2D", "Direct2D", "{0FC156C1-6AC6-41CF-98ED-DDB785282231}"
EndProject
Project("{8BC9CEB8-8B4A-11D0-8D11-00A0C91BC942}") = "73_ImageTiling", "Build\VStudio\73_ImageTiling.vcxproj", "{9609FFF7-CEF9-43D7-8EAA-81C8CAA3317F}"
EndProject
Project("{8BC9CEB8-8B4A-11D0-8D11-00A0C91BC942}") = "73_SymbolFill", "Build\VStudio\73_SymbolFill.vcxproj", "{4EFE6B0C-C30C-4739-9D93-4F14AD82DC6B}"
EndProject
Project("{8BC9CEB8-8B4A-11D0-8D11-00A0C91BC942}") = "57_VisibleNormalSampling", "Build\VStudio\57_VisibleNormalSampling.vcxproj", "{BAE2A643-FD3F-4295-97A5-9A26D8BA299C}"
EndProject
Project("{8BC9CEB8-8B4A-11D0-8D11-00A0C91BC942}") = "73_DepthCopy", "Build\VStudio\73_DepthCopy.vcxproj", "{8A848024-2EB6-4187-A59D-A9D6E2A70572}"
EndProject
Project("{2150E333-8FDC-42A3-9474-1A3956D46DE8}") = "Direct3D11", "Direct3D11", "{C707D88F-2048-46C8-AF5D-4A8C9D3E7155}"
EndProject
Project("{8BC9CEB8-8B4A-11D0-8D11-00A0C91BC942}") = "43_LightSpacePerspectiveSM", "Build\VStudio\43_LightSpacePerspectiveSM.vcxproj", "{6BF0A437-31B8-46D5-BFE6-5A8496807698}"
EndProject
Global
	GlobalSection(SolutionConfigurationPlatforms) = preSolution
		Debug|x64 = Debug|x64
		Release|x64 = Release|x64
	EndGlobalSection
	GlobalSection(ProjectConfigurationPlatforms) = postSolution
		{7BA1BE3D-62D1-46BE-9755-EE807A4314E4}.Debug|x64.ActiveCfg = Debug|x64
		{7BA1BE3D-62D1-46BE-9755-EE807A4314E4}.Debug|x64.Build.0 = Debug|x64
		{7BA1BE3D-62D1-46BE-9755-EE807A4314E4}.Release|x64.ActiveCfg = Release|x64
		{7BA1BE3D-62D1-46BE-9755-EE807A4314E4}.Release|x64.Build.0 = Release|x64
		{C2AC8004-757F-4A8C-8611-C6E59576785B}.Debug|x64.ActiveCfg = Debug|x64
		{C2AC8004-757F-4A8C-8611-C6E59576785B}.Debug|x64.Build.0 = Debug|x64
		{C2AC8004-757F-4A8C-8611-C6E59576785B}.Release|x64.ActiveCfg = Release|x64
		{C2AC8004-757F-4A8C-8611-C6E59576785B}.Release|x64.Build.0 = Release|x64
		{49A355B5-73EE-4501-BBF2-DA21E0E17241}.Debug|x64.ActiveCfg = Debug|x64
		{49A355B5-73EE-4501-BBF2-DA21E0E17241}.Debug|x64.Build.0 = Debug|x64
		{49A355B5-73EE-4501-BBF2-DA21E0E17241}.Release|x64.ActiveCfg = Release|x64
		{49A355B5-73EE-4501-BBF2-DA21E0E17241}.Release|x64.Build.0 = Release|x64
		{7CD8A282-D3F6-415B-A9BE-5CC17ED515AD}.Debug|x64.ActiveCfg = Debug|x64
		{7CD8A282-D3F6-415B-A9BE-5CC17ED515AD}.Debug|x64.Build.0 = Debug|x64
		{7CD8A282-D3F6-415B-A9BE-5CC17ED515AD}.Release|x64.ActiveCfg = Release|x64
		{7CD8A282-D3F6-415B-A9BE-5CC17ED515AD}.Release|x64.Build.0 = Release|x64
		{B4482595-D7ED-4D07-8EFE-8C342BC00C6C}.Debug|x64.ActiveCfg = Debug|x64
		{B4482595-D7ED-4D07-8EFE-8C342BC00C6C}.Debug|x64.Build.0 = Debug|x64
		{B4482595-D7ED-4D07-8EFE-8C342BC00C6C}.Release|x64.ActiveCfg = Release|x64
		{B4482595-D7ED-4D07-8EFE-8C342BC00C6C}.Release|x64.Build.0 = Release|x64
		{61B4FD5E-D736-4279-BAA5-7259CC10A250}.Debug|x64.ActiveCfg = Debug|x64
		{61B4FD5E-D736-4279-BAA5-7259CC10A250}.Debug|x64.Build.0 = Debug|x64
		{61B4FD5E-D736-4279-BAA5-7259CC10A250}.Release|x64.ActiveCfg = Release|x64
		{61B4FD5E-D736-4279-BAA5-7259CC10A250}.Release|x64.Build.0 = Release|x64
		{70417224-336D-4A8A-A192-F8572D8C15DF}.Debug|x64.ActiveCfg = Debug|x64
		{70417224-336D-4A8A-A192-F8572D8C15DF}.Debug|x64.Build.0 = Debug|x64
		{70417224-336D-4A8A-A192-F8572D8C15DF}.Release|x64.ActiveCfg = Release|x64
		{70417224-336D-4A8A-A192-F8572D8C15DF}.Release|x64.Build.0 = Release|x64
		{0A07C686-0992-4221-BFFF-D8735D50E8EA}.Debug|x64.ActiveCfg = Debug|x64
		{0A07C686-0992-4221-BFFF-D8735D50E8EA}.Debug|x64.Build.0 = Debug|x64
		{0A07C686-0992-4221-BFFF-D8735D50E8EA}.Release|x64.ActiveCfg = Release|x64
		{0A07C686-0992-4221-BFFF-D8735D50E8EA}.Release|x64.Build.0 = Release|x64
		{4EB2ABAF-40E4-4C85-B17D-1514C01A58C6}.Debug|x64.ActiveCfg = Debug|x64
		{4EB2ABAF-40E4-4C85-B17D-1514C01A58C6}.Debug|x64.Build.0 = Debug|x64
		{4EB2ABAF-40E4-4C85-B17D-1514C01A58C6}.Release|x64.ActiveCfg = Release|x64
		{4EB2ABAF-40E4-4C85-B17D-1514C01A58C6}.Release|x64.Build.0 = Release|x64
		{83BFF0EE-0484-4CAD-A1B4-B8163E7C9F46}.Debug|x64.ActiveCfg = Debug|x64
		{83BFF0EE-0484-4CAD-A1B4-B8163E7C9F46}.Debug|x64.Build.0 = Debug|x64
		{83BFF0EE-0484-4CAD-A1B4-B8163E7C9F46}.Release|x64.ActiveCfg = Release|x64
		{83BFF0EE-0484-4CAD-A1B4-B8163E7C9F46}.Release|x64.Build.0 = Release|x64
		{76735DB6-3BD8-4A12-8F5D-1AEF57A35FE1}.Debug|x64.ActiveCfg = Debug|x64
		{76735DB6-3BD8-4A12-8F5D-1AEF57A35FE1}.Debug|x64.Build.0 = Debug|x64
		{76735DB6-3BD8-4A12-8F5D-1AEF57A35FE1}.Release|x64.ActiveCfg = Release|x64
		{76735DB6-3BD8-4A12-8F5D-1AEF57A35FE1}.Release|x64.Build.0 = Release|x64
		{1EE9F094-732A-45C3-86CF-5A726751BA6C}.Debug|x64.ActiveCfg = Debug|x64
		{1EE9F094-732A-45C3-86CF-5A726751BA6C}.Debug|x64.Build.0 = Debug|x64
		{1EE9F094-732A-45C3-86CF-5A726751BA6C}.Release|x64.ActiveCfg = Release|x64
		{1EE9F094-732A-45C3-86CF-5A726751BA6C}.Release|x64.Build.0 = Release|x64
		{6A5327FC-709B-4E8F-9B8B-55F54CF70856}.Debug|x64.ActiveCfg = Debug|x64
		{6A5327FC-709B-4E8F-9B8B-55F54CF70856}.Debug|x64.Build.0 = Debug|x64
		{6A5327FC-709B-4E8F-9B8B-55F54CF70856}.Release|x64.ActiveCfg = Release|x64
		{6A5327FC-709B-4E8F-9B8B-55F54CF70856}.Release|x64.Build.0 = Release|x64
		{E9DB50A1-85A3-4EFF-A973-90946CBA388B}.Debug|x64.ActiveCfg = Debug|x64
		{E9DB50A1-85A3-4EFF-A973-90946CBA388B}.Debug|x64.Build.0 = Debug|x64
		{E9DB50A1-85A3-4EFF-A973-90946CBA388B}.Release|x64.ActiveCfg = Release|x64
		{E9DB50A1-85A3-4EFF-A973-90946CBA388B}.Release|x64.Build.0 = Release|x64
		{D94A6A7C-079E-44C2-A180-D321DA220C24}.Debug|x64.ActiveCfg = Debug|x64
		{D94A6A7C-079E-44C2-A180-D321DA220C24}.Debug|x64.Build.0 = Debug|x64
		{D94A6A7C-079E-44C2-A180-D321DA220C24}.Release|x64.ActiveCfg = Release|x64
		{D94A6A7C-079E-44C2-A180-D321DA220C24}.Release|x64.Build.0 = Release|x64
		{322B66D6-6BB2-4E43-B46C-51386C637D4D}.Debug|x64.ActiveCfg = Debug|x64
		{322B66D6-6BB2-4E43-B46C-51386C637D4D}.Debug|x64.Build.0 = Debug|x64
		{322B66D6-6BB2-4E43-B46C-51386C637D4D}.Release|x64.ActiveCfg = Release|x64
		{322B66D6-6BB2-4E43-B46C-51386C637D4D}.Release|x64.Build.0 = Release|x64
		{9A350029-9256-4683-BEFB-BFC7E529D1BD}.Debug|x64.ActiveCfg = Debug|x64
		{9A350029-9256-4683-BEFB-BFC7E529D1BD}.Debug|x64.Build.0 = Debug|x64
		{9A350029-9256-4683-BEFB-BFC7E529D1BD}.Release|x64.ActiveCfg = Release|x64
		{9A350029-9256-4683-BEFB-BFC7E529D1BD}.Release|x64.Build.0 = Release|x64
		{3AAE7856-08E6-46F0-A4A1-41BD6C43C296}.Debug|x64.ActiveCfg = Debug|x64
		{3AAE7856-08E6-46F0-A4A1-41BD6C43C296}.Debug|x64.Build.0 = Debug|x64
		{3AAE7856-08E6-46F0-A4A1-41BD6C43C296}.Release|x64.ActiveCfg = Release|x64
		{3AAE7856-08E6-46F0-A4A1-41BD6C43C296}.Release|x64.Build.0 = Release|x64
		{D644BD49-B170-41F5-A5A1-67E1BDCB759A}.Debug|x64.ActiveCfg = Debug|x64
		{D644BD49-B170-41F5-A5A1-67E1BDCB759A}.Debug|x64.Build.0 = Debug|x64
		{D644BD49-B170-41F5-A5A1-67E1BDCB759A}.Release|x64.ActiveCfg = Release|x64
		{D644BD49-B170-41F5-A5A1-67E1BDCB759A}.Release|x64.Build.0 = Release|x64
		{A6DE6707-B2E0-4E51-803C-C02B9AC469E2}.Debug|x64.ActiveCfg = Debug|x64
		{A6DE6707-B2E0-4E51-803C-C02B9AC469E2}.Debug|x64.Build.0 = Debug|x64
		{A6DE6707-B2E0-4E51-803C-C02B9AC469E2}.Release|x64.ActiveCfg = Release|x64
		{A6DE6707-B2E0-4E51-803C-C02B9AC469E2}.Release|x64.Build.0 = Release|x64
		{F46E8223-4AED-47EF-9E57-B56EBE079BD7}.Debug|x64.ActiveCfg = Debug|x64
		{F46E8223-4AED-47EF-9E57-B56EBE079BD7}.Debug|x64.Build.0 = Debug|x64
		{F46E8223-4AED-47EF-9E57-B56EBE079BD7}.Release|x64.ActiveCfg = Release|x64
		{F46E8223-4AED-47EF-9E57-B56EBE079BD7}.Release|x64.Build.0 = Release|x64
		{F38FD136-7267-4DF7-8325-03240B4A071B}.Debug|x64.ActiveCfg = Debug|x64
		{F38FD136-7267-4DF7-8325-03240B4A071B}.Debug|x64.Build.0 = Debug|x64
		{F38FD136-7267-4DF7-8325-03240B4A071B}.Release|x64.ActiveCfg = Release|x64
		{F38FD136-7267-4DF7-8325-03240B4A071B}.Release|x64.Build.0 = Release|x64
		{6548900A-5D65-4E36-B055-C99949870576}.Debug|x64.ActiveCfg = Debug|x64
		{6548900A-5D65-4E36-B055-C99949870576}.Debug|x64.Build.0 = Debug|x64
		{6548900A-5D65-4E36-B055-C99949870576}.Release|x64.ActiveCfg = Release|x64
		{6548900A-5D65-4E36-B055-C99949870576}.Release|x64.Build.0 = Release|x64
		{9AC4DDB5-5B63-48A0-B586-8C92204E01D0}.Debug|x64.ActiveCfg = Debug|x64
		{9AC4DDB5-5B63-48A0-B586-8C92204E01D0}.Debug|x64.Build.0 = Debug|x64
		{9AC4DDB5-5B63-48A0-B586-8C92204E01D0}.Release|x64.ActiveCfg = Release|x64
		{9AC4DDB5-5B63-48A0-B586-8C92204E01D0}.Release|x64.Build.0 = Release|x64
		{0399F2FF-0944-415B-B205-2CEB38423DED}.Debug|x64.ActiveCfg = Debug|x64
		{0399F2FF-0944-415B-B205-2CEB38423DED}.Debug|x64.Build.0 = Debug|x64
		{0399F2FF-0944-415B-B205-2CEB38423DED}.Release|x64.ActiveCfg = Release|x64
		{0399F2FF-0944-415B-B205-2CEB38423DED}.Release|x64.Build.0 = Release|x64
		{33BC29AE-31B9-447B-A902-58E9FF9F75A9}.Debug|x64.ActiveCfg = Debug|x64
		{33BC29AE-31B9-447B-A902-58E9FF9F75A9}.Debug|x64.Build.0 = Debug|x64
		{33BC29AE-31B9-447B-A902-58E9FF9F75A9}.Release|x64.ActiveCfg = Release|x64
		{33BC29AE-31B9-447B-A902-58E9FF9F75A9}.Release|x64.Build.0 = Release|x64
		{CCC7D838-7AA0-4498-A4C5-99BFCF2276D9}.Debug|x64.ActiveCfg = Debug|x64
		{CCC7D838-7AA0-4498-A4C5-99BFCF2276D9}.Debug|x64.Build.0 = Debug|x64
		{CCC7D838-7AA0-4498-A4C5-99BFCF2276D9}.Release|x64.ActiveCfg = Release|x64
		{CCC7D838-7AA0-4498-A4C5-99BFCF2276D9}.Release|x64.Build.0 = Release|x64
		{427D727B-F53B-481D-8A3E-40E760619A59}.Debug|x64.ActiveCfg = Debug|x64
		{427D727B-F53B-481D-8A3E-40E760619A59}.Debug|x64.Build.0 = Debug|x64
		{427D727B-F53B-481D-8A3E-40E760619A59}.Release|x64.ActiveCfg = Release|x64
		{427D727B-F53B-481D-8A3E-40E760619A59}.Release|x64.Build.0 = Release|x64
		{D96B736B-F764-433A-9FB2-523EB9EE1238}.Debug|x64.ActiveCfg = Debug|x64
		{D96B736B-F764-433A-9FB2-523EB9EE1238}.Debug|x64.Build.0 = Debug|x64
		{D96B736B-F764-433A-9FB2-523EB9EE1238}.Release|x64.ActiveCfg = Release|x64
		{D96B736B-F764-433A-9FB2-523EB9EE1238}.Release|x64.Build.0 = Release|x64
		{1332F567-DA63-4CD9-94AC-75D0B465E992}.Debug|x64.ActiveCfg = Debug|x64
		{1332F567-DA63-4CD9-94AC-75D0B465E992}.Debug|x64.Build.0 = Debug|x64
		{1332F567-DA63-4CD9-94AC-75D0B465E992}.Release|x64.ActiveCfg = Release|x64
		{1332F567-DA63-4CD9-94AC-75D0B465E992}.Release|x64.Build.0 = Release|x64
		{2FBBACD3-583C-47BE-B4B8-3CE48FCB781A}.Debug|x64.ActiveCfg = Debug|x64
		{2FBBACD3-583C-47BE-B4B8-3CE48FCB781A}.Debug|x64.Build.0 = Debug|x64
		{2FBBACD3-583C-47BE-B4B8-3CE48FCB781A}.Release|x64.ActiveCfg = Release|x64
		{2FBBACD3-583C-47BE-B4B8-3CE48FCB781A}.Release|x64.Build.0 = Release|x64
		{81BF9E1E-6A72-4C3B-A1F6-147F8B878D01}.Debug|x64.ActiveCfg = Debug|x64
		{81BF9E1E-6A72-4C3B-A1F6-147F8B878D01}.Debug|x64.Build.0 = Debug|x64
		{81BF9E1E-6A72-4C3B-A1F6-147F8B878D01}.Release|x64.ActiveCfg = Release|x64
		{81BF9E1E-6A72-4C3B-A1F6-147F8B878D01}.Release|x64.Build.0 = Release|x64
		{2FAD1160-3CF6-4652-BE37-C71981AA4A8A}.Debug|x64.ActiveCfg = Debug|x64
		{2FAD1160-3CF6-4652-BE37-C71981AA4A8A}.Debug|x64.Build.0 = Debug|x64
		{2FAD1160-3CF6-4652-BE37-C71981AA4A8A}.Release|x64.ActiveCfg = Release|x64
		{2FAD1160-3CF6-4652-BE37-C71981AA4A8A}.Release|x64.Build.0 = Release|x64
		{7F133E0C-BAB8-4C74-B078-A45AFE497F40}.Debug|x64.ActiveCfg = Debug|x64
		{7F133E0C-BAB8-4C74-B078-A45AFE497F40}.Debug|x64.Build.0 = Debug|x64
		{7F133E0C-BAB8-4C74-B078-A45AFE497F40}.Release|x64.ActiveCfg = Release|x64
		{7F133E0C-BAB8-4C74-B078-A45AFE497F40}.Release|x64.Build.0 = Release|x64
		{E45B4308-44FB-480D-BB88-884A986C2981}.Debug|x64.ActiveCfg = Debug|x64
		{E45B4308-44FB-480D-BB88-884A986C2981}.Debug|x64.Build.0 = Debug|x64
		{E45B4308-44FB-480D-BB88-884A986C2981}.Release|x64.ActiveCfg = Release|x64
		{E45B4308-44FB-480D-BB88-884A986C2981}.Release|x64.Build.0 = Release|x64
		{B565BCF8-1C7B-454D-96F8-CE99F0D4CA88}.Debug|x64.ActiveCfg = Debug|x64
		{B565BCF8-1C7B-454D-96F8-CE99F0D4CA88}.Debug|x64.Build.0 = Debug|x64
		{B565BCF8-1C7B-454D-96F8-CE99F0D4CA88}.Release|x64.ActiveCfg = Release|x64
		{B565BCF8-1C7B-454D-96F8-CE99F0D4CA88}.Release|x64.Build.0 = Release|x64
		{473A259C-2E5E-4EDB-8324-2957EB17B29B}.Debug|x64.ActiveCfg = Debug|x64
		{473A259C-2E5E-4EDB-8324-2957EB17B29B}.Debug|x64.Build.0 = Debug|x64
		{473A259C-2E5E-4EDB-8324-2957EB17B29B}.Release|x64.ActiveCfg = Release|x64
		{473A259C-2E5E-4EDB-8324-2957EB17B29B}.Release|x64.Build.0 = Release|x64
		{DF7BF5A8-A1F3-4947-BB0A-17B51FFE157E}.Debug|x64.ActiveCfg = Debug|x64
		{DF7BF5A8-A1F3-4947-BB0A-17B51FFE157E}.Debug|x64.Build.0 = Debug|x64
		{DF7BF5A8-A1F3-4947-BB0A-17B51FFE157E}.Release|x64.ActiveCfg = Release|x64
		{DF7BF5A8-A1F3-4947-BB0A-17B51FFE157E}.Release|x64.Build.0 = Release|x64
		{C90FE3D7-B6FE-4673-8B45-1258EA0127F3}.Debug|x64.ActiveCfg = Debug|x64
		{C90FE3D7-B6FE-4673-8B45-1258EA0127F3}.Debug|x64.Build.0 = Debug|x64
		{C90FE3D7-B6FE-4673-8B45-1258EA0127F3}.Release|x64.ActiveCfg = Release|x64
		{C90FE3D7-B6FE-4673-8B45-1258EA0127F3}.Release|x64.Build.0 = Release|x64
		{A8CAA493-0C82-464C-AD97-6307C91861E6}.Debug|x64.ActiveCfg = Debug|x64
		{A8CAA493-0C82-464C-AD97-6307C91861E6}.Debug|x64.Build.0 = Debug|x64
		{A8CAA493-0C82-464C-AD97-6307C91861E6}.Release|x64.ActiveCfg = Release|x64
		{A8CAA493-0C82-464C-AD97-6307C91861E6}.Release|x64.Build.0 = Release|x64
		{CCA004AE-E636-4840-B374-784EF0ADC612}.Debug|x64.ActiveCfg = Debug|x64
		{CCA004AE-E636-4840-B374-784EF0ADC612}.Debug|x64.Build.0 = Debug|x64
		{CCA004AE-E636-4840-B374-784EF0ADC612}.Release|x64.ActiveCfg = Release|x64
		{CCA004AE-E636-4840-B374-784EF0ADC612}.Release|x64.Build.0 = Release|x64
		{25F93620-7AC4-4B2D-8E26-62AB835FB12F}.Debug|x64.ActiveCfg = Debug|x64
		{25F93620-7AC4-4B2D-8E26-62AB835FB12F}.Debug|x64.Build.0 = Debug|x64
		{25F93620-7AC4-4B2D-8E26-62AB835FB12F}.Release|x64.ActiveCfg = Release|x64
		{25F93620-7AC4-4B2D-8E26-62AB835FB12F}.Release|x64.Build.0 = Release|x64
		{988F2771-6DE2-4DB9-B49E-AE98D2C09A10}.Debug|x64.ActiveCfg = Debug|x64
		{988F2771-6DE2-4DB9-B49E-AE98D2C09A10}.Debug|x64.Build.0 = Debug|x64
		{988F2771-6DE2-4DB9-B49E-AE98D2C09A10}.Release|x64.ActiveCfg = Release|x64
		{988F2771-6DE2-4DB9-B49E-AE98D2C09A10}.Release|x64.Build.0 = Release|x64
		{88E0AD29-99EF-4CF3-9159-F20130436B58}.Debug|x64.ActiveCfg = Debug|x64
		{88E0AD29-99EF-4CF3-9159-F20130436B58}.Debug|x64.Build.0 = Debug|x64
		{88E0AD29-99EF-4CF3-9159-F20130436B58}.Release|x64.ActiveCfg = Release|x64
		{88E0AD29-99EF-4CF3-9159-F20130436B58}.Release|x64.Build.0 = Release|x64
		{9609FFF7-CEF9-43D7-8EAA-81C8CAA3317F}.Debug|x64.ActiveCfg = Debug|x64
		{9609FFF7-CEF9-43D7-8EAA-81C8CAA3317F}.Debug|x64.Build.0 = Debug|x64
		{9609FFF7-CEF9-43D7-8EAA-81C8CAA3317F}.Release|x64.ActiveCfg = Release|x64
		{9609FFF7-CEF9-43D7-8EAA-81C8CAA3317F}.Release|x64.Build.0 = Release|x64
		{4EFE6B0C-C30C-4739-9D93-4F14AD82DC6B}.Debug|x64.ActiveCfg = Debug|x64
		{4EFE6B0C-C30C-4739-9D93-4F14AD82DC6B}.Debug|x64.Build.0 = Debug|x64
		{4EFE6B0C-C30C-4739-9D93-4F14AD82DC6B}.Release|x64.ActiveCfg = Release|x64
		{4EFE6B0C-C30C-4739-9D93-4F14AD82DC6B}.Release|x64.Build.0 = Release|x64
		{BAE2A643-FD3F-4295-97A5-9A26D8BA299C}.Debug|x64.ActiveCfg = Debug|x64
		{BAE2A643-FD3F-4295-97A5-9A26D8BA299C}.Debug|x64.Build.0 = Debug|x64
		{BAE2A643-FD3F-4295-97A5-9A26D8BA299C}.Release|x64.ActiveCfg = Release|x64
		{BAE2A643-FD3F-4295-97A5-9A26D8BA299C}.Release|x64.Build.0 = Release|x64
		{8A848024-2EB6-4187-A59D-A9D6E2A70572}.Debug|x64.ActiveCfg = Debug|x64
		{8A848024-2EB6-4187-A59D-A9D6E2A70572}.Debug|x64.Build.0 = Debug|x64
		{8A848024-2EB6-4187-A59D-A9D6E2A70572}.Release|x64.ActiveCfg = Release|x64
		{8A848024-2EB6-4187-A59D-A9D6E2A70572}.Release|x64.Build.0 = Release|x64
		{6BF0A437-31B8-46D5-BFE6-5A8496807698}.Debug|x64.ActiveCfg = Debug|x64
		{6BF0A437-31B8-46D5-BFE6-5A8496807698}.Debug|x64.Build.0 = Debug|x64
		{6BF0A437-31B8-46D5-BFE6-5A8496807698}.Release|x64.ActiveCfg = Release|x64
		{6BF0A437-31B8-46D5-BFE6-5A8496807698}.Release|x64.Build.0 = Release|x64
	EndGlobalSection
	GlobalSection(SolutionProperties) = preSolution
		HideSolutionNode = FALSE
	EndGlobalSection
	GlobalSection(NestedProjects) = preSolution
		{7BA1BE3D-62D1-46BE-9755-EE807A4314E4} = {C4A347B9-4D02-4AA5-9E60-BF360561E516}
		{C2AC8004-757F-4A8C-8611-C6E59576785B} = {C4A347B9-4D02-4AA5-9E60-BF360561E516}
		{49A355B5-73EE-4501-BBF2-DA21E0E17241} = {C4A347B9-4D02-4AA5-9E60-BF360561E516}
		{7CD8A282-D3F6-415B-A9BE-5CC17ED515AD} = {C4A347B9-4D02-4AA5-9E60-BF360561E516}
		{B4482595-D7ED-4D07-8EFE-8C342BC00C6C} = {C4A347B9-4D02-4AA5-9E60-BF360561E516}
		{61B4FD5E-D736-4279-BAA5-7259CC10A250} = {CD1D2C49-E1BD-439F-8429-2A65CCC37BB1}
		{70417224-336D-4A8A-A192-F8572D8C15DF} = {C4A347B9-4D02-4AA5-9E60-BF360561E516}
		{0A07C686-0992-4221-BFFF-D8735D50E8EA} = {C4A347B9-4D02-4AA5-9E60-BF360561E516}
		{4EB2ABAF-40E4-4C85-B17D-1514C01A58C6} = {C4A347B9-4D02-4AA5-9E60-BF360561E516}
		{83BFF0EE-0484-4CAD-A1B4-B8163E7C9F46} = {CD1D2C49-E1BD-439F-8429-2A65CCC37BB1}
		{76735DB6-3BD8-4A12-8F5D-1AEF57A35FE1} = {C4A347B9-4D02-4AA5-9E60-BF360561E516}
		{1EE9F094-732A-45C3-86CF-5A726751BA6C} = {C4A347B9-4D02-4AA5-9E60-BF360561E516}
		{6A5327FC-709B-4E8F-9B8B-55F54CF70856} = {C4A347B9-4D02-4AA5-9E60-BF360561E516}
		{E9DB50A1-85A3-4EFF-A973-90946CBA388B} = {C4A347B9-4D02-4AA5-9E60-BF360561E516}
		{D94A6A7C-079E-44C2-A180-D321DA220C24} = {5AE05E7B-52AB-4C97-9C14-55992B0AA632}
		{322B66D6-6BB2-4E43-B46C-51386C637D4D} = {5AE05E7B-52AB-4C97-9C14-55992B0AA632}
		{9A350029-9256-4683-BEFB-BFC7E529D1BD} = {5AE05E7B-52AB-4C97-9C14-55992B0AA632}
		{3AAE7856-08E6-46F0-A4A1-41BD6C43C296} = {5AE05E7B-52AB-4C97-9C14-55992B0AA632}
		{D644BD49-B170-41F5-A5A1-67E1BDCB759A} = {5AE05E7B-52AB-4C97-9C14-55992B0AA632}
		{A6DE6707-B2E0-4E51-803C-C02B9AC469E2} = {5AE05E7B-52AB-4C97-9C14-55992B0AA632}
		{F46E8223-4AED-47EF-9E57-B56EBE079BD7} = {5AE05E7B-52AB-4C97-9C14-55992B0AA632}
		{F38FD136-7267-4DF7-8325-03240B4A071B} = {5AE05E7B-52AB-4C97-9C14-55992B0AA632}
		{6548900A-5D65-4E36-B055-C99949870576} = {5AE05E7B-52AB-4C97-9C14-55992B0AA632}
		{9AC4DDB5-5B63-48A0-B586-8C92204E01D0} = {5AE05E7B-52AB-4C97-9C14-55992B0AA632}
		{0399F2FF-0944-415B-B205-2CEB38423DED} = {5AE05E7B-52AB-4C97-9C14-55992B0AA632}
		{33BC29AE-31B9-447B-A902-58E9FF9F75A9} = {5AE05E7B-52AB-4C97-9C14-55992B0AA632}
		{CCC7D838-7AA0-4498-A4C5-99BFCF2276D9} = {5AE05E7B-52AB-4C97-9C14-55992B0AA632}
		{427D727B-F53B-481D-8A3E-40E760619A59} = {5AE05E7B-52AB-4C97-9C14-55992B0AA632}
		{D96B736B-F764-433A-9FB2-523EB9EE1238} = {5AE05E7B-52AB-4C97-9C14-55992B0AA632}
		{1332F567-DA63-4CD9-94AC-75D0B465E992} = {DB7CCB1C-6BAC-4630-BF8D-0C6A4CA0DE84}
		{2FBBACD3-583C-47BE-B4B8-3CE48FCB781A} = {DB7CCB1C-6BAC-4630-BF8D-0C6A4CA0DE84}
		{81BF9E1E-6A72-4C3B-A1F6-147F8B878D01} = {DB7CCB1C-6BAC-4630-BF8D-0C6A4CA0DE84}
		{2FAD1160-3CF6-4652-BE37-C71981AA4A8A} = {5AE05E7B-52AB-4C97-9C14-55992B0AA632}
		{7F133E0C-BAB8-4C74-B078-A45AFE497F40} = {5A1A98C4-C88D-40ED-8ECB-2765FC1FEDC9}
		{E45B4308-44FB-480D-BB88-884A986C2981} = {5A1A98C4-C88D-40ED-8ECB-2765FC1FEDC9}
		{B565BCF8-1C7B-454D-96F8-CE99F0D4CA88} = {5A1A98C4-C88D-40ED-8ECB-2765FC1FEDC9}
		{473A259C-2E5E-4EDB-8324-2957EB17B29B} = {DB7CCB1C-6BAC-4630-BF8D-0C6A4CA0DE84}
		{DF7BF5A8-A1F3-4947-BB0A-17B51FFE157E} = {5A1A98C4-C88D-40ED-8ECB-2765FC1FEDC9}
		{C90FE3D7-B6FE-4673-8B45-1258EA0127F3} = {5AE05E7B-52AB-4C97-9C14-55992B0AA632}
		{A8CAA493-0C82-464C-AD97-6307C91861E6} = {5AE05E7B-52AB-4C97-9C14-55992B0AA632}
		{CCA004AE-E636-4840-B374-784EF0ADC612} = {5AE05E7B-52AB-4C97-9C14-55992B0AA632}
		{25F93620-7AC4-4B2D-8E26-62AB835FB12F} = {5AE05E7B-52AB-4C97-9C14-55992B0AA632}
		{988F2771-6DE2-4DB9-B49E-AE98D2C09A10} = {5AE05E7B-52AB-4C97-9C14-55992B0AA632}
		{88E0AD29-99EF-4CF3-9159-F20130436B58} = {5AE05E7B-52AB-4C97-9C14-55992B0AA632}
		{9609FFF7-CEF9-43D7-8EAA-81C8CAA3317F} = {0FC156C1-6AC6-41CF-98ED-DDB785282231}
		{4EFE6B0C-C30C-4739-9D93-4F14AD82DC6B} = {0FC156C1-6AC6-41CF-98ED-DDB785282231}
		{BAE2A643-FD3F-4295-97A5-9A26D8BA299C} = {5AE05E7B-52AB-4C97-9C14-55992B0AA632}
		{8A848024-2EB6-4187-A59D-A9D6E2A70572} = {C707D88F-2048-46C8-AF5D-4A8C9D3E7155}
		{6BF0A437-31B8-46D5-BFE6-5A8496807698} = {5AE05E7B-52AB-4C97-9C14-55992B0AA632}
	EndGlobalSection
EndGlobal
